
Microsoft Visual Studio Solution File, Format Version 12.00
# Visual Studio Version 16
VisualStudioVersion = 16.0.30204.135
MinimumVisualStudioVersion = 10.0.40219.1
Project("{FAE04EC0-301F-11D3-BF4B-00C04F79EFBC}") = "ClassroomApi", "ClassroomApi\ClassroomApi.csproj", "{6C933D40-F37A-4E2D-B8B2-09947E9EA50F}"
EndProject
Global
	GlobalSection(SolutionConfigurationPlatforms) = preSolution
		Debug|Any CPU = Debug|Any CPU
		Release|Any CPU = Release|Any CPU
	EndGlobalSection
	GlobalSection(ProjectConfigurationPlatforms) = postSolution
		{6C933D40-F37A-4E2D-B8B2-09947E9EA50F}.Debug|Any CPU.ActiveCfg = Debug|Any CPU
		{6C933D40-F37A-4E2D-B8B2-09947E9EA50F}.Debug|Any CPU.Build.0 = Debug|Any CPU
		{6C933D40-F37A-4E2D-B8B2-09947E9EA50F}.Release|Any CPU.ActiveCfg = Release|Any CPU
		{6C933D40-F37A-4E2D-B8B2-09947E9EA50F}.Release|Any CPU.Build.0 = Release|Any CPU
	EndGlobalSection
	GlobalSection(SolutionProperties) = preSolution
		HideSolutionNode = FALSE
	EndGlobalSection
	GlobalSection(ExtensibilityGlobals) = postSolution
		SolutionGuid = {33984FB0-1660-4764-B8E1-CB6DAFA93995}
	EndGlobalSection
EndGlobal
